
Microsoft Visual Studio Solution File, Format Version 12.00
# Visual Studio Version 16
VisualStudioVersion = 16.0.31410.357
MinimumVisualStudioVersion = 10.0.40219.1
Project("{2150E333-8FDC-42A3-9474-1A3956D46DE8}") = "Api", "Api", "{A70DE4DA-BAB6-4EE7-9AC4-91ED0CF870BB}"
EndProject
Project("{2150E333-8FDC-42A3-9474-1A3956D46DE8}") = "Application", "Application", "{CFBA0C9F-7491-4A14-9D48-4FFD6DC15BB9}"
EndProject
Project("{2150E333-8FDC-42A3-9474-1A3956D46DE8}") = "Data", "Data", "{89E07147-B92D-429D-B70A-ADE5175ED325}"
EndProject
Project("{2150E333-8FDC-42A3-9474-1A3956D46DE8}") = "Domain", "Domain", "{B5E35113-3F8A-46E4-B0E3-8A78391BCFD0}"
EndProject
Project("{2150E333-8FDC-42A3-9474-1A3956D46DE8}") = "IOC", "IOC", "{76BBF6D3-919D-4E1E-BA34-7240B36776D8}"
EndProject
Project("{9A19103F-16F7-4668-BE54-9A1E7A4F7556}") = "App.Api", "App.Api\App.Api.csproj", "{B21A6823-0C80-49A3-9D29-EC91F600E483}"
EndProject
Project("{9A19103F-16F7-4668-BE54-9A1E7A4F7556}") = "App.Business", "App.Business\App.Business.csproj", "{D5C67241-601A-48DE-A2F8-FAC4DE34D939}"
EndProject
Project("{9A19103F-16F7-4668-BE54-9A1E7A4F7556}") = "App.Business.xUnit", "App.Business.xUnit\App.Business.xUnit.csproj", "{06C842EB-4FD0-4A8F-B6DC-B26B795330DD}"
EndProject
Project("{9A19103F-16F7-4668-BE54-9A1E7A4F7556}") = "App.Api.xUnit", "App.Api.xUnit\App.Api.xUnit.csproj", "{F9E6A160-886C-4AAC-8C18-77D0E9D4F0D0}"
EndProject
Project("{9A19103F-16F7-4668-BE54-9A1E7A4F7556}") = "App.Infrastructure", "App.Infrastructure\App.Infrastructure.csproj", "{D5CF2D3B-77C3-44AB-80AD-6618060DF6F4}"
EndProject
Project("{9A19103F-16F7-4668-BE54-9A1E7A4F7556}") = "App.Domain", "App.Domain\App.Domain.csproj", "{8D7F508B-756C-4430-9D70-AA99159D688E}"
EndProject
Project("{9A19103F-16F7-4668-BE54-9A1E7A4F7556}") = "App.IOC", "App.IOC\App.IOC.csproj", "{25135155-BB0D-42A0-8FB2-337264F39E1D}"
EndProject
Project("{2150E333-8FDC-42A3-9474-1A3956D46DE8}") = "App.Web", "App.Web", "{7A19C182-4227-4AA8-82E4-552F0C4A4E16}"
EndProject
Global
	GlobalSection(SolutionConfigurationPlatforms) = preSolution
		Debug|Any CPU = Debug|Any CPU
		Release|Any CPU = Release|Any CPU
	EndGlobalSection
	GlobalSection(ProjectConfigurationPlatforms) = postSolution
		{B21A6823-0C80-49A3-9D29-EC91F600E483}.Debug|Any CPU.ActiveCfg = Debug|Any CPU
		{B21A6823-0C80-49A3-9D29-EC91F600E483}.Debug|Any CPU.Build.0 = Debug|Any CPU
		{B21A6823-0C80-49A3-9D29-EC91F600E483}.Release|Any CPU.ActiveCfg = Release|Any CPU
		{B21A6823-0C80-49A3-9D29-EC91F600E483}.Release|Any CPU.Build.0 = Release|Any CPU
		{D5C67241-601A-48DE-A2F8-FAC4DE34D939}.Debug|Any CPU.ActiveCfg = Debug|Any CPU
		{D5C67241-601A-48DE-A2F8-FAC4DE34D939}.Debug|Any CPU.Build.0 = Debug|Any CPU
		{D5C67241-601A-48DE-A2F8-FAC4DE34D939}.Release|Any CPU.ActiveCfg = Release|Any CPU
		{D5C67241-601A-48DE-A2F8-FAC4DE34D939}.Release|Any CPU.Build.0 = Release|Any CPU
		{06C842EB-4FD0-4A8F-B6DC-B26B795330DD}.Debug|Any CPU.ActiveCfg = Debug|Any CPU
		{06C842EB-4FD0-4A8F-B6DC-B26B795330DD}.Debug|Any CPU.Build.0 = Debug|Any CPU
		{06C842EB-4FD0-4A8F-B6DC-B26B795330DD}.Release|Any CPU.ActiveCfg = Release|Any CPU
		{06C842EB-4FD0-4A8F-B6DC-B26B795330DD}.Release|Any CPU.Build.0 = Release|Any CPU
		{F9E6A160-886C-4AAC-8C18-77D0E9D4F0D0}.Debug|Any CPU.ActiveCfg = Debug|Any CPU
		{F9E6A160-886C-4AAC-8C18-77D0E9D4F0D0}.Debug|Any CPU.Build.0 = Debug|Any CPU
		{F9E6A160-886C-4AAC-8C18-77D0E9D4F0D0}.Release|Any CPU.ActiveCfg = Release|Any CPU
		{F9E6A160-886C-4AAC-8C18-77D0E9D4F0D0}.Release|Any CPU.Build.0 = Release|Any CPU
		{D5CF2D3B-77C3-44AB-80AD-6618060DF6F4}.Debug|Any CPU.ActiveCfg = Debug|Any CPU
		{D5CF2D3B-77C3-44AB-80AD-6618060DF6F4}.Debug|Any CPU.Build.0 = Debug|Any CPU
		{D5CF2D3B-77C3-44AB-80AD-6618060DF6F4}.Release|Any CPU.ActiveCfg = Release|Any CPU
		{D5CF2D3B-77C3-44AB-80AD-6618060DF6F4}.Release|Any CPU.Build.0 = Release|Any CPU
		{8D7F508B-756C-4430-9D70-AA99159D688E}.Debug|Any CPU.ActiveCfg = Debug|Any CPU
		{8D7F508B-756C-4430-9D70-AA99159D688E}.Debug|Any CPU.Build.0 = Debug|Any CPU
		{8D7F508B-756C-4430-9D70-AA99159D688E}.Release|Any CPU.ActiveCfg = Release|Any CPU
		{8D7F508B-756C-4430-9D70-AA99159D688E}.Release|Any CPU.Build.0 = Release|Any CPU
		{25135155-BB0D-42A0-8FB2-337264F39E1D}.Debug|Any CPU.ActiveCfg = Debug|Any CPU
		{25135155-BB0D-42A0-8FB2-337264F39E1D}.Debug|Any CPU.Build.0 = Debug|Any CPU
		{25135155-BB0D-42A0-8FB2-337264F39E1D}.Release|Any CPU.ActiveCfg = Release|Any CPU
		{25135155-BB0D-42A0-8FB2-337264F39E1D}.Release|Any CPU.Build.0 = Release|Any CPU
	EndGlobalSection
	GlobalSection(SolutionProperties) = preSolution
		HideSolutionNode = FALSE
	EndGlobalSection
	GlobalSection(NestedProjects) = preSolution
		{B21A6823-0C80-49A3-9D29-EC91F600E483} = {A70DE4DA-BAB6-4EE7-9AC4-91ED0CF870BB}
		{D5C67241-601A-48DE-A2F8-FAC4DE34D939} = {CFBA0C9F-7491-4A14-9D48-4FFD6DC15BB9}
		{06C842EB-4FD0-4A8F-B6DC-B26B795330DD} = {CFBA0C9F-7491-4A14-9D48-4FFD6DC15BB9}
		{F9E6A160-886C-4AAC-8C18-77D0E9D4F0D0} = {A70DE4DA-BAB6-4EE7-9AC4-91ED0CF870BB}
		{D5CF2D3B-77C3-44AB-80AD-6618060DF6F4} = {89E07147-B92D-429D-B70A-ADE5175ED325}
		{8D7F508B-756C-4430-9D70-AA99159D688E} = {B5E35113-3F8A-46E4-B0E3-8A78391BCFD0}
		{25135155-BB0D-42A0-8FB2-337264F39E1D} = {76BBF6D3-919D-4E1E-BA34-7240B36776D8}
	EndGlobalSection
	GlobalSection(ExtensibilityGlobals) = postSolution
		SolutionGuid = {F13C1E25-BFAC-428C-A6A9-230A60D4325A}
	EndGlobalSection
EndGlobal
